{
  "nodes": {
    "home-manager": {
      "inputs": {
        "nixpkgs": [
          "nixpkgs"
        ]
      },
      "locked": {
        "lastModified": 1687871164,
        "narHash": "sha256-bBFlPthuYX322xOlpJvkjUBz0C+MOBjZdDOOJJ+G2jU=",
        "owner": "nix-community",
        "repo": "home-manager",
        "rev": "07c347bb50994691d7b0095f45ebd8838cf6bc38",
        "type": "github"
      },
      "original": {
        "owner": "nix-community",
        "ref": "release-23.05",
        "repo": "home-manager",
        "type": "github"
      }
    },
    "nixpkgs": {
      "locked": {
        "lastModified": 1687288566,
        "narHash": "sha256-VckkiJ88Gzdc2cstm0z5eFcrHbvkm4VjxavHBGssvZI=",
        "owner": "nixos",
        "repo": "nixpkgs",
        "rev": "b6c73c5fe53bb3afbf65e870541e0645e9145171",
        "type": "github"
      },
      "original": {
        "owner": "nixos",
        "ref": "nixos-23.05",
        "repo": "nixpkgs",
        "type": "github"
      }
    },
    "nixpkgsMaster": {
      "locked": {
        "lastModified": 1687419622,
        "narHash": "sha256-V8EVe584v1nKot+Ryo+rmoJHzVK1OmcNLv/998osLFE=",
        "owner": "nixos",
        "repo": "nixpkgs",
        "rev": "f1992487d64870512fc73ab78374d747953b485a",
        "type": "github"
      },
      "original": {
        "owner": "nixos",
        "ref": "master",
        "repo": "nixpkgs",
        "type": "github"
      }
    },
    "nixpkgsUnstable": {
      "locked": {
        "lastModified": 1686960236,
        "narHash": "sha256-AYCC9rXNLpUWzD9hm+askOfpliLEC9kwAo7ITJc4HIw=",
        "owner": "nixos",
        "repo": "nixpkgs",
        "rev": "04af42f3b31dba0ef742d254456dc4c14eedac86",
        "type": "github"
      },
      "original": {
        "owner": "nixos",
        "ref": "nixos-unstable",
        "repo": "nixpkgs",
        "type": "github"
      }
    },
    "root": {
      "inputs": {
        "home-manager": "home-manager",
        "nixpkgs": "nixpkgs",
        "nixpkgsMaster": "nixpkgsMaster",
        "nixpkgsUnstable": "nixpkgsUnstable"
      }
    }
  },
  "root": "root",
  "version": 7
}
